# Resolved for CPython 3.14 on Linux x86_64.
cfgv==3.5.0 --hash=sha256:a8dc6b26ad22ff227d2634a65cb388215ce6cc96bbcc5cfde7641ae87e8dacc0
distlib==0.4.3 --hash=sha256:4b0ce306c966eb73bc3a7b6abad017c556dadd92c44701562cd528ac7fde4d5b
filelock==3.32.5 --hash=sha256:142cd9fa77a872c5e78c62329a0d15278fadc686eb89e760017968961a4fd6b2
identify==2.6.19 --hash=sha256:20e6a87f786f768c092a721ad107fc9df0eb89347be9396cadf3f4abbd1fb78a
nodeenv==1.10.0 --hash=sha256:5bb13e3eed2923615535339b3c620e76779af4cb4c6a90deccc9e36b274d3827
platformdirs==4.11.7 --hash=sha256:8a02cb259042c79d1cd0450facc2fe6dc9d303ae7901afbe33bf8ea0b188cef6
pre-commit==4.6.2 --hash=sha256:e2dde9a75d3bce11bd3831c26d134df00a2803c1d818be6a0383c3dcda25dc4e
python-discovery==1.6.0 --hash=sha256:d4e244cf17b8b29819ed78003d55fbacf86eda23425b075454fff9271b79377a
pyyaml==6.0.3 --hash=sha256:c458b6d084f9b935061bc36216e8a69a7e293a2f1e68bf956dcd9e6cbcd143f5
virtualenv==21.7.8 --hash=sha256:3040eb3cbf5d32b10ffd57d167e6a162237ad82ba7d8cf1400a1efed593d85ac
